
Microsoft Visual Studio Solution File, Format Version 12.00
# Visual Studio Version 17
VisualStudioVersion = 17.5.002.0
MinimumVisualStudioVersion = 10.0.40219.1
Project("{2150E333-8FDC-42A3-9474-1A3956D46DE8}") = "week01", "week01", "{66E801F0-339E-421F-B335-BAE93056C9B1}"
EndProject
Project("{9A19103F-16F7-4668-BE54-9A1E7A4F7556}") = "code", "week01\code\code.csproj", "{F85ECB65-8601-4081-BCC0-6FBE83804B65}"
EndProject
Project("{9A19103F-16F7-4668-BE54-9A1E7A4F7556}") = "analyze", "week01\analyze\analyze.csproj", "{99355241-9CFA-47EC-A51F-3F0D4E5875A7}"
EndProject
Project("{9A19103F-16F7-4668-BE54-9A1E7A4F7556}") = "teach", "week01\teach\teach.csproj", "{43BB17CA-3FCB-47A3-BF07-526C91CE801C}"
EndProject
Project("{2150E333-8FDC-42A3-9474-1A3956D46DE8}") = "week06", "week06", "{EFA6ADC8-00DE-4B9F-BD56-2E07299BF539}"
EndProject
Project("{9A19103F-16F7-4668-BE54-9A1E7A4F7556}") = "code", "week06\code\code.csproj", "{56481FCC-CC7D-4CFA-9F51-2734911B4899}"
EndProject
Project("{2150E333-8FDC-42A3-9474-1A3956D46DE8}") = "sandbox", "sandbox", "{02E7E12C-625B-491F-BFF8-311E860645B4}"
EndProject
Project("{9A19103F-16F7-4668-BE54-9A1E7A4F7556}") = "sandbox_project", "sandbox\sandbox_project\sandbox_project.csproj", "{5506F73D-F649-4405-8EB6-52916A88133A}"
EndProject
Project("{2150E333-8FDC-42A3-9474-1A3956D46DE8}") = "week05", "week05", "{860ED2F9-8392-44AF-96BB-5C5C1B8B342B}"
EndProject
Project("{9A19103F-16F7-4668-BE54-9A1E7A4F7556}") = "code", "week05\code\code.csproj", "{D29AC572-810C-4D64-BE10-0783139D010B}"
EndProject
Project("{2150E333-8FDC-42A3-9474-1A3956D46DE8}") = "week02", "week02", "{43623B92-EC5B-4D60-895A-A924AFCE4F61}"
EndProject
Project("{9A19103F-16F7-4668-BE54-9A1E7A4F7556}") = "learn", "week02\learn\learn.csproj", "{BE285E6B-456E-402D-9585-D87DF4B138EE}"
EndProject
Project("{9A19103F-16F7-4668-BE54-9A1E7A4F7556}") = "code", "week02\code\code.csproj", "{02A3B084-7B3B-4DBD-A0A6-B43D47D24BA2}"
EndProject
Project("{9A19103F-16F7-4668-BE54-9A1E7A4F7556}") = "analyze", "week02\analyze\analyze.csproj", "{4253FCAB-C489-44FD-A23F-7FF8D8E032ED}"
EndProject
Project("{9A19103F-16F7-4668-BE54-9A1E7A4F7556}") = "teach", "week02\teach\teach.csproj", "{88BBE618-FE64-43CC-BC21-6A145C007935}"
EndProject
Project("{2150E333-8FDC-42A3-9474-1A3956D46DE8}") = "week03", "week03", "{2C7CF7A1-4EA3-42C1-84FD-A0B1BEE214B9}"
EndProject
Project("{9A19103F-16F7-4668-BE54-9A1E7A4F7556}") = "learn", "week03\learn\learn.csproj", "{7EBD3B90-7A97-4C55-A300-B76E54AA0446}"
EndProject
Project("{9A19103F-16F7-4668-BE54-9A1E7A4F7556}") = "code", "week03\code\code.csproj", "{4F5F892D-88E8-4901-98AC-CC29B509E6C2}"
EndProject
Project("{9A19103F-16F7-4668-BE54-9A1E7A4F7556}") = "teach", "week03\teach\teach.csproj", "{163D6391-4260-42C6-8A37-18D2E4C2C806}"
EndProject
Project("{2150E333-8FDC-42A3-9474-1A3956D46DE8}") = "week04", "week04", "{774D0229-18FE-49FD-B3AE-DF51C14999D9}"
EndProject
Project("{9A19103F-16F7-4668-BE54-9A1E7A4F7556}") = "code", "week04\code\code.csproj", "{BDF7A00A-D084-46D9-9B77-E0C8081E1BE5}"
EndProject
Global
	GlobalSection(SolutionConfigurationPlatforms) = preSolution
		Debug|Any CPU = Debug|Any CPU
		Release|Any CPU = Release|Any CPU
	EndGlobalSection
	GlobalSection(ProjectConfigurationPlatforms) = postSolution
		{F85ECB65-8601-4081-BCC0-6FBE83804B65}.Debug|Any CPU.ActiveCfg = Debug|Any CPU
		{F85ECB65-8601-4081-BCC0-6FBE83804B65}.Debug|Any CPU.Build.0 = Debug|Any CPU
		{F85ECB65-8601-4081-BCC0-6FBE83804B65}.Release|Any CPU.ActiveCfg = Release|Any CPU
		{F85ECB65-8601-4081-BCC0-6FBE83804B65}.Release|Any CPU.Build.0 = Release|Any CPU
		{99355241-9CFA-47EC-A51F-3F0D4E5875A7}.Debug|Any CPU.ActiveCfg = Debug|Any CPU
		{99355241-9CFA-47EC-A51F-3F0D4E5875A7}.Debug|Any CPU.Build.0 = Debug|Any CPU
		{99355241-9CFA-47EC-A51F-3F0D4E5875A7}.Release|Any CPU.ActiveCfg = Release|Any CPU
		{99355241-9CFA-47EC-A51F-3F0D4E5875A7}.Release|Any CPU.Build.0 = Release|Any CPU
		{43BB17CA-3FCB-47A3-BF07-526C91CE801C}.Debug|Any CPU.ActiveCfg = Debug|Any CPU
		{43BB17CA-3FCB-47A3-BF07-526C91CE801C}.Debug|Any CPU.Build.0 = Debug|Any CPU
		{43BB17CA-3FCB-47A3-BF07-526C91CE801C}.Release|Any CPU.ActiveCfg = Release|Any CPU
		{43BB17CA-3FCB-47A3-BF07-526C91CE801C}.Release|Any CPU.Build.0 = Release|Any CPU
		{56481FCC-CC7D-4CFA-9F51-2734911B4899}.Debug|Any CPU.ActiveCfg = Debug|Any CPU
		{56481FCC-CC7D-4CFA-9F51-2734911B4899}.Debug|Any CPU.Build.0 = Debug|Any CPU
		{56481FCC-CC7D-4CFA-9F51-2734911B4899}.Release|Any CPU.ActiveCfg = Release|Any CPU
		{56481FCC-CC7D-4CFA-9F51-2734911B4899}.Release|Any CPU.Build.0 = Release|Any CPU
		{5506F73D-F649-4405-8EB6-52916A88133A}.Debug|Any CPU.ActiveCfg = Debug|Any CPU
		{5506F73D-F649-4405-8EB6-52916A88133A}.Debug|Any CPU.Build.0 = Debug|Any CPU
		{5506F73D-F649-4405-8EB6-52916A88133A}.Release|Any CPU.ActiveCfg = Release|Any CPU
		{5506F73D-F649-4405-8EB6-52916A88133A}.Release|Any CPU.Build.0 = Release|Any CPU
		{D29AC572-810C-4D64-BE10-0783139D010B}.Debug|Any CPU.ActiveCfg = Debug|Any CPU
		{D29AC572-810C-4D64-BE10-0783139D010B}.Debug|Any CPU.Build.0 = Debug|Any CPU
		{D29AC572-810C-4D64-BE10-0783139D010B}.Release|Any CPU.ActiveCfg = Release|Any CPU
		{D29AC572-810C-4D64-BE10-0783139D010B}.Release|Any CPU.Build.0 = Release|Any CPU
		{BE285E6B-456E-402D-9585-D87DF4B138EE}.Debug|Any CPU.ActiveCfg = Debug|Any CPU
		{BE285E6B-456E-402D-9585-D87DF4B138EE}.Debug|Any CPU.Build.0 = Debug|Any CPU
		{BE285E6B-456E-402D-9585-D87DF4B138EE}.Release|Any CPU.ActiveCfg = Release|Any CPU
		{BE285E6B-456E-402D-9585-D87DF4B138EE}.Release|Any CPU.Build.0 = Release|Any CPU
		{02A3B084-7B3B-4DBD-A0A6-B43D47D24BA2}.Debug|Any CPU.ActiveCfg = Debug|Any CPU
		{02A3B084-7B3B-4DBD-A0A6-B43D47D24BA2}.Debug|Any CPU.Build.0 = Debug|Any CPU
		{02A3B084-7B3B-4DBD-A0A6-B43D47D24BA2}.Release|Any CPU.ActiveCfg = Release|Any CPU
		{02A3B084-7B3B-4DBD-A0A6-B43D47D24BA2}.Release|Any CPU.Build.0 = Release|Any CPU
		{4253FCAB-C489-44FD-A23F-7FF8D8E032ED}.Debug|Any CPU.ActiveCfg = Debug|Any CPU
		{4253FCAB-C489-44FD-A23F-7FF8D8E032ED}.Debug|Any CPU.Build.0 = Debug|Any CPU
		{4253FCAB-C489-44FD-A23F-7FF8D8E032ED}.Release|Any CPU.ActiveCfg = Release|Any CPU
		{4253FCAB-C489-44FD-A23F-7FF8D8E032ED}.Release|Any CPU.Build.0 = Release|Any CPU
		{88BBE618-FE64-43CC-BC21-6A145C007935}.Debug|Any CPU.ActiveCfg = Debug|Any CPU
		{88BBE618-FE64-43CC-BC21-6A145C007935}.Debug|Any CPU.Build.0 = Debug|Any CPU
		{88BBE618-FE64-43CC-BC21-6A145C007935}.Release|Any CPU.ActiveCfg = Release|Any CPU
		{88BBE618-FE64-43CC-BC21-6A145C007935}.Release|Any CPU.Build.0 = Release|Any CPU
		{7EBD3B90-7A97-4C55-A300-B76E54AA0446}.Debug|Any CPU.ActiveCfg = Debug|Any CPU
		{7EBD3B90-7A97-4C55-A300-B76E54AA0446}.Debug|Any CPU.Build.0 = Debug|Any CPU
		{7EBD3B90-7A97-4C55-A300-B76E54AA0446}.Release|Any CPU.ActiveCfg = Release|Any CPU
		{7EBD3B90-7A97-4C55-A300-B76E54AA0446}.Release|Any CPU.Build.0 = Release|Any CPU
		{4F5F892D-88E8-4901-98AC-CC29B509E6C2}.Debug|Any CPU.ActiveCfg = Debug|Any CPU
		{4F5F892D-88E8-4901-98AC-CC29B509E6C2}.Debug|Any CPU.Build.0 = Debug|Any CPU
		{4F5F892D-88E8-4901-98AC-CC29B509E6C2}.Release|Any CPU.ActiveCfg = Release|Any CPU
		{4F5F892D-88E8-4901-98AC-CC29B509E6C2}.Release|Any CPU.Build.0 = Release|Any CPU
		{163D6391-4260-42C6-8A37-18D2E4C2C806}.Debug|Any CPU.ActiveCfg = Debug|Any CPU
		{163D6391-4260-42C6-8A37-18D2E4C2C806}.Debug|Any CPU.Build.0 = Debug|Any CPU
		{163D6391-4260-42C6-8A37-18D2E4C2C806}.Release|Any CPU.ActiveCfg = Release|Any CPU
		{163D6391-4260-42C6-8A37-18D2E4C2C806}.Release|Any CPU.Build.0 = Release|Any CPU
		{BDF7A00A-D084-46D9-9B77-E0C8081E1BE5}.Debug|Any CPU.ActiveCfg = Debug|Any CPU
		{BDF7A00A-D084-46D9-9B77-E0C8081E1BE5}.Debug|Any CPU.Build.0 = Debug|Any CPU
		{BDF7A00A-D084-46D9-9B77-E0C8081E1BE5}.Release|Any CPU.ActiveCfg = Release|Any CPU
		{BDF7A00A-D084-46D9-9B77-E0C8081E1BE5}.Release|Any CPU.Build.0 = Release|Any CPU
	EndGlobalSection
	GlobalSection(SolutionProperties) = preSolution
		HideSolutionNode = FALSE
	EndGlobalSection
	GlobalSection(NestedProjects) = preSolution
		{F85ECB65-8601-4081-BCC0-6FBE83804B65} = {66E801F0-339E-421F-B335-BAE93056C9B1}
		{99355241-9CFA-47EC-A51F-3F0D4E5875A7} = {66E801F0-339E-421F-B335-BAE93056C9B1}
		{43BB17CA-3FCB-47A3-BF07-526C91CE801C} = {66E801F0-339E-421F-B335-BAE93056C9B1}
		{56481FCC-CC7D-4CFA-9F51-2734911B4899} = {EFA6ADC8-00DE-4B9F-BD56-2E07299BF539}
		{5506F73D-F649-4405-8EB6-52916A88133A} = {02E7E12C-625B-491F-BFF8-311E860645B4}
		{D29AC572-810C-4D64-BE10-0783139D010B} = {860ED2F9-8392-44AF-96BB-5C5C1B8B342B}
		{BE285E6B-456E-402D-9585-D87DF4B138EE} = {43623B92-EC5B-4D60-895A-A924AFCE4F61}
		{02A3B084-7B3B-4DBD-A0A6-B43D47D24BA2} = {43623B92-EC5B-4D60-895A-A924AFCE4F61}
		{4253FCAB-C489-44FD-A23F-7FF8D8E032ED} = {43623B92-EC5B-4D60-895A-A924AFCE4F61}
		{88BBE618-FE64-43CC-BC21-6A145C007935} = {43623B92-EC5B-4D60-895A-A924AFCE4F61}
		{7EBD3B90-7A97-4C55-A300-B76E54AA0446} = {2C7CF7A1-4EA3-42C1-84FD-A0B1BEE214B9}
		{4F5F892D-88E8-4901-98AC-CC29B509E6C2} = {2C7CF7A1-4EA3-42C1-84FD-A0B1BEE214B9}
		{163D6391-4260-42C6-8A37-18D2E4C2C806} = {2C7CF7A1-4EA3-42C1-84FD-A0B1BEE214B9}
		{BDF7A00A-D084-46D9-9B77-E0C8081E1BE5} = {774D0229-18FE-49FD-B3AE-DF51C14999D9}
	EndGlobalSection
	GlobalSection(ExtensibilityGlobals) = postSolution
		SolutionGuid = {3D88E011-6E1F-4F45-9EFB-D0F6A67A98C5}
	EndGlobalSection
EndGlobal
